// !$*UTF8*$!
{
	archiveVersion = 1;
	classes = {
	};
	objectVersion = 77;
	objects = {

/* Begin PBXBuildFile section */
		151D78552E9FE47C0050B47C /* SnapKit in Frameworks */ = {isa = PBXBuildFile; productRef = 151D78542E9FE47C0050B47C /* SnapKit */; };
		151D78582E9FE48E0050B47C /* SDWebImage in Frameworks */ = {isa = PBXBuildFile; productRef = 151D78572E9FE48E0050B47C /* SDWebImage */; };
		151D785C2E9FE9870050B47C /* MainTabBarView.swift in Sources */ = {isa = PBXBuildFile; fileRef = 151D785B2E9FE9870050B47C /* MainTabBarView.swift */; };
		151D785E2E9FEB7F0050B47C /* MainHomeView.swift in Sources */ = {isa = PBXBuildFile; fileRef = 151D785D2E9FEB7F0050B47C /* MainHomeView.swift */; };
		151D78612E9FEBB90050B47C /* MainMyView.swift in Sources */ = {isa = PBXBuildFile; fileRef = 151D78602E9FEBB90050B47C /* MainMyView.swift */; };
		151D78642E9FED7F0050B47C /* MainCryptoView.swift in Sources */ = {isa = PBXBuildFile; fileRef = 151D78632E9FED7F0050B47C /* MainCryptoView.swift */; };
		15426DAB2E9E9828006CB6CF /* NetworkService.swift in Sources */ = {isa = PBXBuildFile; fileRef = 15426DAA2E9E9828006CB6CF /* NetworkService.swift */; };
		15426DAE2E9E985D006CB6CF /* Alamofire in Frameworks */ = {isa = PBXBuildFile; productRef = 15426DAD2E9E985D006CB6CF /* Alamofire */; };
		15AEF7992EA28FF3000ABDAB /* CryptoDetailView.swift in Sources */ = {isa = PBXBuildFile; fileRef = 15AEF7982EA28FF3000ABDAB /* CryptoDetailView.swift */; };
		15AEF79E2EA294D2000ABDAB /* CryptoDetailModel.swift in Sources */ = {isa = PBXBuildFile; fileRef = 15AEF79D2EA294D2000ABDAB /* CryptoDetailModel.swift */; };
		15AEF7A12EA295A4000ABDAB /* CryptoDetailViewModel.swift in Sources */ = {isa = PBXBuildFile; fileRef = 15AEF7A02EA295A4000ABDAB /* CryptoDetailViewModel.swift */; };
/* End PBXBuildFile section */

/* Begin PBXFileReference section */
		151D785B2E9FE9870050B47C /* MainTabBarView.swift */ = {isa = PBXFileReference; lastKnownFileType = sourcecode.swift; path = MainTabBarView.swift; sourceTree = "<group>"; };
		151D785D2E9FEB7F0050B47C /* MainHomeView.swift */ = {isa = PBXFileReference; lastKnownFileType = sourcecode.swift; path = MainHomeView.swift; sourceTree = "<group>"; };
		151D78602E9FEBB90050B47C /* MainMyView.swift */ = {isa = PBXFileReference; lastKnownFileType = sourcecode.swift; path = MainMyView.swift; sourceTree = "<group>"; };
		151D78632E9FED7F0050B47C /* MainCryptoView.swift */ = {isa = PBXFileReference; lastKnownFileType = sourcecode.swift; path = MainCryptoView.swift; sourceTree = "<group>"; };
		15426D9B2E9E87B9006CB6CF /* CoinGeckoSProject.app */ = {isa = PBXFileReference; explicitFileType = wrapper.application; includeInIndex = 0; path = CoinGeckoSProject.app; sourceTree = BUILT_PRODUCTS_DIR; };
		15426DAA2E9E9828006CB6CF /* NetworkService.swift */ = {isa = PBXFileReference; lastKnownFileType = sourcecode.swift; path = NetworkService.swift; sourceTree = "<group>"; };
		15AEF7982EA28FF3000ABDAB /* CryptoDetailView.swift */ = {isa = PBXFileReference; lastKnownFileType = sourcecode.swift; path = CryptoDetailView.swift; sourceTree = "<group>"; };
		15AEF79D2EA294D2000ABDAB /* CryptoDetailModel.swift */ = {isa = PBXFileReference; lastKnownFileType = sourcecode.swift; path = CryptoDetailModel.swift; sourceTree = "<group>"; };
		15AEF7A02EA295A4000ABDAB /* CryptoDetailViewModel.swift */ = {isa = PBXFileReference; lastKnownFileType = sourcecode.swift; path = CryptoDetailViewModel.swift; sourceTree = "<group>"; };
/* End PBXFileReference section */

/* Begin PBXFileSystemSynchronizedRootGroup section */
		15426D9D2E9E87B9006CB6CF /* CoinGeckoSProject */ = {
			isa = PBXFileSystemSynchronizedRootGroup;
			path = CoinGeckoSProject;
			sourceTree = "<group>";
		};
/* End PBXFileSystemSynchronizedRootGroup section */

/* Begin PBXFrameworksBuildPhase section */
		15426D982E9E87B9006CB6CF /* Frameworks */ = {
			isa = PBXFrameworksBuildPhase;
			buildActionMask = 2147483647;
			files = (
				151D78582E9FE48E0050B47C /* SDWebImage in Frameworks */,
				15426DAE2E9E985D006CB6CF /* Alamofire in Frameworks */,
				151D78552E9FE47C0050B47C /* SnapKit in Frameworks */,
			);
			runOnlyForDeploymentPostprocessing = 0;
		};
/* End PBXFrameworksBuildPhase section */

/* Begin PBXGroup section */
		151D78592E9FE4A30050B47C /* HomePage */ = {
			isa = PBXGroup;
			children = (
				151D785D2E9FEB7F0050B47C /* MainHomeView.swift */,
			);
			path = HomePage;
			sourceTree = "<group>";
		};
		151D785A2E9FE4AE0050B47C /* TabBar */ = {
			isa = PBXGroup;
			children = (
				151D785B2E9FE9870050B47C /* MainTabBarView.swift */,
			);
			path = TabBar;
			sourceTree = "<group>";
		};
		151D785F2E9FEBA40050B47C /* MyPage */ = {
			isa = PBXGroup;
			children = (
				151D78602E9FEBB90050B47C /* MainMyView.swift */,
			);
			path = MyPage;
			sourceTree = "<group>";
		};
		151D78622E9FED6A0050B47C /* CryptoPage */ = {
			isa = PBXGroup;
			children = (
				151D78632E9FED7F0050B47C /* MainCryptoView.swift */,
			);
			path = CryptoPage;
			sourceTree = "<group>";
		};
		15426D922E9E87B9006CB6CF = {
			isa = PBXGroup;
			children = (
				15AEF79A2EA29495000ABDAB /* CryptoDetailPage */,
				151D78622E9FED6A0050B47C /* CryptoPage */,
				151D785F2E9FEBA40050B47C /* MyPage */,
				151D785A2E9FE4AE0050B47C /* TabBar */,
				151D78592E9FE4A30050B47C /* HomePage */,
				15426DA92E9E9803006CB6CF /* Network */,
				15426D9D2E9E87B9006CB6CF /* CoinGeckoSProject */,
				15426D9C2E9E87B9006CB6CF /* Products */,
			);
			sourceTree = "<group>";
		};
		15426D9C2E9E87B9006CB6CF /* Products */ = {
			isa = PBXGroup;
			children = (
				15426D9B2E9E87B9006CB6CF /* CoinGeckoSProject.app */,
			);
			name = Products;
			sourceTree = "<group>";
		};
		15426DA92E9E9803006CB6CF /* Network */ = {
			isa = PBXGroup;
			children = (
				15426DAA2E9E9828006CB6CF /* NetworkService.swift */,
			);
			path = Network;
			sourceTree = "<group>";
		};
		15AEF79A2EA29495000ABDAB /* CryptoDetailPage */ = {
			isa = PBXGroup;
			children = (
				15AEF79F2EA2958F000ABDAB /* ViewModel */,
				15AEF79C2EA294B2000ABDAB /* View */,
				15AEF79B2EA294AB000ABDAB /* Model */,
			);
			path = CryptoDetailPage;
			sourceTree = "<group>";
		};
		15AEF79B2EA294AB000ABDAB /* Model */ = {
			isa = PBXGroup;
			children = (
				15AEF79D2EA294D2000ABDAB /* CryptoDetailModel.swift */,
			);
			path = Model;
			sourceTree = "<group>";
		};
		15AEF79C2EA294B2000ABDAB /* View */ = {
			isa = PBXGroup;
			children = (
				15AEF7982EA28FF3000ABDAB /* CryptoDetailView.swift */,
			);
			path = View;
			sourceTree = "<group>";
		};
		15AEF79F2EA2958F000ABDAB /* ViewModel */ = {
			isa = PBXGroup;
			children = (
				15AEF7A02EA295A4000ABDAB /* CryptoDetailViewModel.swift */,
			);
			path = ViewModel;
			sourceTree = "<group>";
		};
/* End PBXGroup section */

/* Begin PBXNativeTarget section */
		15426D9A2E9E87B9006CB6CF /* CoinGeckoSProject */ = {
			isa = PBXNativeTarget;
			buildConfigurationList = 15426DA62E9E87BB006CB6CF /* Build configuration list for PBXNativeTarget "CoinGeckoSProject" */;
			buildPhases = (
				15426D972E9E87B9006CB6CF /* Sources */,
				15426D982E9E87B9006CB6CF /* Frameworks */,
				15426D992E9E87B9006CB6CF /* Resources */,
			);
			buildRules = (
			);
			dependencies = (
			);
			fileSystemSynchronizedGroups = (
				15426D9D2E9E87B9006CB6CF /* CoinGeckoSProject */,
			);
			name = CoinGeckoSProject;
			packageProductDependencies = (
				15426DAD2E9E985D006CB6CF /* Alamofire */,
				151D78542E9FE47C0050B47C /* SnapKit */,
				151D78572E9FE48E0050B47C /* SDWebImage */,
			);
			productName = CoinGeckoSProject;
			productReference = 15426D9B2E9E87B9006CB6CF /* CoinGeckoSProject.app */;
			productType = "com.apple.product-type.application";
		};
/* End PBXNativeTarget section */

/* Begin PBXProject section */
		15426D932E9E87B9006CB6CF /* Project object */ = {
			isa = PBXProject;
			attributes = {
				BuildIndependentTargetsInParallel = 1;
				LastSwiftUpdateCheck = 2600;
				LastUpgradeCheck = 2600;
				TargetAttributes = {
					15426D9A2E9E87B9006CB6CF = {
						CreatedOnToolsVersion = 26.0.1;
					};
				};
			};
			buildConfigurationList = 15426D962E9E87B9006CB6CF /* Build configuration list for PBXProject "CoinGeckoSProject" */;
			developmentRegion = en;
			hasScannedForEncodings = 0;
			knownRegions = (
				en,
				Base,
			);
			mainGroup = 15426D922E9E87B9006CB6CF;
			minimizedProjectReferenceProxies = 1;
			packageReferences = (
				15426DAC2E9E985D006CB6CF /* XCRemoteSwiftPackageReference "Alamofire" */,
				151D78532E9FE47C0050B47C /* XCRemoteSwiftPackageReference "SnapKit" */,
				151D78562E9FE48E0050B47C /* XCRemoteSwiftPackageReference "SDWebImage" */,
			);
			preferredProjectObjectVersion = 77;
			productRefGroup = 15426D9C2E9E87B9006CB6CF /* Products */;
			projectDirPath = "";
			projectRoot = "";
			targets = (
				15426D9A2E9E87B9006CB6CF /* CoinGeckoSProject */,
			);
		};
/* End PBXProject section */

/* Begin PBXResourcesBuildPhase section */
		15426D992E9E87B9006CB6CF /* Resources */ = {
			isa = PBXResourcesBuildPhase;
			buildActionMask = 2147483647;
			files = (
			);
			runOnlyForDeploymentPostprocessing = 0;
		};
/* End PBXResourcesBuildPhase section */

/* Begin PBXSourcesBuildPhase section */
		15426D972E9E87B9006CB6CF /* Sources */ = {
			isa = PBXSourcesBuildPhase;
			buildActionMask = 2147483647;
			files = (
				15AEF7992EA28FF3000ABDAB /* CryptoDetailView.swift in Sources */,
				15426DAB2E9E9828006CB6CF /* NetworkService.swift in Sources */,
				151D78642E9FED7F0050B47C /* MainCryptoView.swift in Sources */,
				15AEF79E2EA294D2000ABDAB /* CryptoDetailModel.swift in Sources */,
				15AEF7A12EA295A4000ABDAB /* CryptoDetailViewModel.swift in Sources */,
				151D785C2E9FE9870050B47C /* MainTabBarView.swift in Sources */,
				151D785E2E9FEB7F0050B47C /* MainHomeView.swift in Sources */,
				151D78612E9FEBB90050B47C /* MainMyView.swift in Sources */,
			);
			runOnlyForDeploymentPostprocessing = 0;
		};
/* End PBXSourcesBuildPhase section */

/* Begin XCBuildConfiguration section */
		15426DA42E9E87BB006CB6CF /* Debug */ = {
			isa = XCBuildConfiguration;
			buildSettings = {
				ALWAYS_SEARCH_USER_PATHS = NO;
				ASSETCATALOG_COMPILER_GENERATE_SWIFT_ASSET_SYMBOL_EXTENSIONS = YES;
				CLANG_ANALYZER_NONNULL = YES;
				CLANG_ANALYZER_NUMBER_OBJECT_CONVERSION = YES_AGGRESSIVE;
				CLANG_CXX_LANGUAGE_STANDARD = "gnu++20";
				CLANG_ENABLE_MODULES = YES;
				CLANG_ENABLE_OBJC_ARC = YES;
				CLANG_ENABLE_OBJC_WEAK = YES;
				CLANG_WARN_BLOCK_CAPTURE_AUTORELEASING = YES;
				CLANG_WARN_BOOL_CONVERSION = YES;
				CLANG_WARN_COMMA = YES;
				CLANG_WARN_CONSTANT_CONVERSION = YES;
				CLANG_WARN_DEPRECATED_OBJC_IMPLEMENTATIONS = YES;
				CLANG_WARN_DIRECT_OBJC_ISA_USAGE = YES_ERROR;
				CLANG_WARN_DOCUMENTATION_COMMENTS = YES;
				CLANG_WARN_EMPTY_BODY = YES;
				CLANG_WARN_ENUM_CONVERSION = YES;
				CLANG_WARN_INFINITE_RECURSION = YES;
				CLANG_WARN_INT_CONVERSION = YES;
				CLANG_WARN_NON_LITERAL_NULL_CONVERSION = YES;
				CLANG_WARN_OBJC_IMPLICIT_RETAIN_SELF = YES;
				CLANG_WARN_OBJC_LITERAL_CONVERSION = YES;
				CLANG_WARN_OBJC_ROOT_CLASS = YES_ERROR;
				CLANG_WARN_QUOTED_INCLUDE_IN_FRAMEWORK_HEADER = YES;
				CLANG_WARN_RANGE_LOOP_ANALYSIS = YES;
				CLANG_WARN_STRICT_PROTOTYPES = YES;
				CLANG_WARN_SUSPICIOUS_MOVE = YES;
				CLANG_WARN_UNGUARDED_AVAILABILITY = YES_AGGRESSIVE;
				CLANG_WARN_UNREACHABLE_CODE = YES;
				CLANG_WARN__DUPLICATE_METHOD_MATCH = YES;
				COPY_PHASE_STRIP = NO;
				DEBUG_INFORMATION_FORMAT = dwarf;
				DEVELOPMENT_TEAM = G5A93Q7SG9;
				ENABLE_STRICT_OBJC_MSGSEND = YES;
				ENABLE_TESTABILITY = YES;
				ENABLE_USER_SCRIPT_SANDBOXING = YES;
				GCC_C_LANGUAGE_STANDARD = gnu17;
				GCC_DYNAMIC_NO_PIC = NO;
				GCC_NO_COMMON_BLOCKS = YES;
				GCC_OPTIMIZATION_LEVEL = 0;
				GCC_PREPROCESSOR_DEFINITIONS = (
					"DEBUG=1",
					"$(inherited)",
				);
				GCC_WARN_64_TO_32_BIT_CONVERSION = YES;
				GCC_WARN_ABOUT_RETURN_TYPE = YES_ERROR;
				GCC_WARN_UNDECLARED_SELECTOR = YES;
				GCC_WARN_UNINITIALIZED_AUTOS = YES_AGGRESSIVE;
				GCC_WARN_UNUSED_FUNCTION = YES;
				GCC_WARN_UNUSED_VARIABLE = YES;
				IPHONEOS_DEPLOYMENT_TARGET = 26.0;
				LOCALIZATION_PREFERS_STRING_CATALOGS = YES;
				MTL_ENABLE_DEBUG_INFO = INCLUDE_SOURCE;
				MTL_FAST_MATH = YES;
				ONLY_ACTIVE_ARCH = YES;
				SDKROOT = iphoneos;
				SWIFT_ACTIVE_COMPILATION_CONDITIONS = "DEBUG $(inherited)";
				SWIFT_OPTIMIZATION_LEVEL = "-Onone";
			};
			name = Debug;
		};
		15426DA52E9E87BB006CB6CF /* Release */ = {
			isa = XCBuildConfiguration;
			buildSettings = {
				ALWAYS_SEARCH_USER_PATHS = NO;
				ASSETCATALOG_COMPILER_GENERATE_SWIFT_ASSET_SYMBOL_EXTENSIONS = YES;
				CLANG_ANALYZER_NONNULL = YES;
				CLANG_ANALYZER_NUMBER_OBJECT_CONVERSION = YES_AGGRESSIVE;
				CLANG_CXX_LANGUAGE_STANDARD = "gnu++20";
				CLANG_ENABLE_MODULES = YES;
				CLANG_ENABLE_OBJC_ARC = YES;
				CLANG_ENABLE_OBJC_WEAK = YES;
				CLANG_WARN_BLOCK_CAPTURE_AUTORELEASING = YES;
				CLANG_WARN_BOOL_CONVERSION = YES;
				CLANG_WARN_COMMA = YES;
				CLANG_WARN_CONSTANT_CONVERSION = YES;
				CLANG_WARN_DEPRECATED_OBJC_IMPLEMENTATIONS = YES;
				CLANG_WARN_DIRECT_OBJC_ISA_USAGE = YES_ERROR;
				CLANG_WARN_DOCUMENTATION_COMMENTS = YES;
				CLANG_WARN_EMPTY_BODY = YES;
				CLANG_WARN_ENUM_CONVERSION = YES;
				CLANG_WARN_INFINITE_RECURSION = YES;
				CLANG_WARN_INT_CONVERSION = YES;
				CLANG_WARN_NON_LITERAL_NULL_CONVERSION = YES;
				CLANG_WARN_OBJC_IMPLICIT_RETAIN_SELF = YES;
				CLANG_WARN_OBJC_LITERAL_CONVERSION = YES;
				CLANG_WARN_OBJC_ROOT_CLASS = YES_ERROR;
				CLANG_WARN_QUOTED_INCLUDE_IN_FRAMEWORK_HEADER = YES;
				CLANG_WARN_RANGE_LOOP_ANALYSIS = YES;
				CLANG_WARN_STRICT_PROTOTYPES = YES;
				CLANG_WARN_SUSPICIOUS_MOVE = YES;
				CLANG_WARN_UNGUARDED_AVAILABILITY = YES_AGGRESSIVE;
				CLANG_WARN_UNREACHABLE_CODE = YES;
				CLANG_WARN__DUPLICATE_METHOD_MATCH = YES;
				COPY_PHASE_STRIP = NO;
				DEBUG_INFORMATION_FORMAT = "dwarf-with-dsym";
				DEVELOPMENT_TEAM = G5A93Q7SG9;
				ENABLE_NS_ASSERTIONS = NO;
				ENABLE_STRICT_OBJC_MSGSEND = YES;
				ENABLE_USER_SCRIPT_SANDBOXING = YES;
				GCC_C_LANGUAGE_STANDARD = gnu17;
				GCC_NO_COMMON_BLOCKS = YES;
				GCC_WARN_64_TO_32_BIT_CONVERSION = YES;
				GCC_WARN_ABOUT_RETURN_TYPE = YES_ERROR;
				GCC_WARN_UNDECLARED_SELECTOR = YES;
				GCC_WARN_UNINITIALIZED_AUTOS = YES_AGGRESSIVE;
				GCC_WARN_UNUSED_FUNCTION = YES;
				GCC_WARN_UNUSED_VARIABLE = YES;
				IPHONEOS_DEPLOYMENT_TARGET = 26.0;
				LOCALIZATION_PREFERS_STRING_CATALOGS = YES;
				MTL_ENABLE_DEBUG_INFO = NO;
				MTL_FAST_MATH = YES;
				SDKROOT = iphoneos;
				SWIFT_COMPILATION_MODE = wholemodule;
				VALIDATE_PRODUCT = YES;
			};
			name = Release;
		};
		15426DA72E9E87BB006CB6CF /* Debug */ = {
			isa = XCBuildConfiguration;
			buildSettings = {
				ASSETCATALOG_COMPILER_APPICON_NAME = AppIcon;
				ASSETCATALOG_COMPILER_GLOBAL_ACCENT_COLOR_NAME = AccentColor;
				CODE_SIGN_STYLE = Automatic;
				CURRENT_PROJECT_VERSION = 1;
				DEVELOPMENT_TEAM = G5A93Q7SG9;
				ENABLE_PREVIEWS = YES;
				GENERATE_INFOPLIST_FILE = YES;
				INFOPLIST_KEY_UIApplicationSceneManifest_Generation = YES;
				INFOPLIST_KEY_UIApplicationSupportsIndirectInputEvents = YES;
				INFOPLIST_KEY_UILaunchScreen_Generation = YES;
				INFOPLIST_KEY_UISupportedInterfaceOrientations_iPad = "UIInterfaceOrientationPortrait UIInterfaceOrientationPortraitUpsideDown UIInterfaceOrientationLandscapeLeft UIInterfaceOrientationLandscapeRight";
				INFOPLIST_KEY_UISupportedInterfaceOrientations_iPhone = "UIInterfaceOrientationPortrait UIInterfaceOrientationLandscapeLeft UIInterfaceOrientationLandscapeRight";
				LD_RUNPATH_SEARCH_PATHS = (
					"$(inherited)",
					"@executable_path/Frameworks",
				);
				MARKETING_VERSION = 1.0;
				PRODUCT_BUNDLE_IDENTIFIER = co.willyhsu.CoinGeckoSProject;
				PRODUCT_NAME = "$(TARGET_NAME)";
				STRING_CATALOG_GENERATE_SYMBOLS = YES;
				SWIFT_APPROACHABLE_CONCURRENCY = YES;
				SWIFT_DEFAULT_ACTOR_ISOLATION = MainActor;
				SWIFT_EMIT_LOC_STRINGS = YES;
				SWIFT_UPCOMING_FEATURE_MEMBER_IMPORT_VISIBILITY = YES;
				SWIFT_VERSION = 5.0;
				TARGETED_DEVICE_FAMILY = "1,2";
			};
			name = Debug;
		};
		15426DA82E9E87BB006CB6CF /* Release */ = {
			isa = XCBuildConfiguration;
			buildSettings = {
				ASSETCATALOG_COMPILER_APPICON_NAME = AppIcon;
				ASSETCATALOG_COMPILER_GLOBAL_ACCENT_COLOR_NAME = AccentColor;
				CODE_SIGN_STYLE = Automatic;
				CURRENT_PROJECT_VERSION = 1;
				DEVELOPMENT_TEAM = G5A93Q7SG9;
				ENABLE_PREVIEWS = YES;
				GENERATE_INFOPLIST_FILE = YES;
				INFOPLIST_KEY_UIApplicationSceneManifest_Generation = YES;
				INFOPLIST_KEY_UIApplicationSupportsIndirectInputEvents = YES;
				INFOPLIST_KEY_UILaunchScreen_Generation = YES;
				INFOPLIST_KEY_UISupportedInterfaceOrientations_iPad = "UIInterfaceOrientationPortrait UIInterfaceOrientationPortraitUpsideDown UIInterfaceOrientationLandscapeLeft UIInterfaceOrientationLandscapeRight";
				INFOPLIST_KEY_UISupportedInterfaceOrientations_iPhone = "UIInterfaceOrientationPortrait UIInterfaceOrientationLandscapeLeft UIInterfaceOrientationLandscapeRight";
				LD_RUNPATH_SEARCH_PATHS = (
					"$(inherited)",
					"@executable_path/Frameworks",
				);
				MARKETING_VERSION = 1.0;
				PRODUCT_BUNDLE_IDENTIFIER = co.willyhsu.CoinGeckoSProject;
				PRODUCT_NAME = "$(TARGET_NAME)";
				STRING_CATALOG_GENERATE_SYMBOLS = YES;
				SWIFT_APPROACHABLE_CONCURRENCY = YES;
				SWIFT_DEFAULT_ACTOR_ISOLATION = MainActor;
				SWIFT_EMIT_LOC_STRINGS = YES;
				SWIFT_UPCOMING_FEATURE_MEMBER_IMPORT_VISIBILITY = YES;
				SWIFT_VERSION = 5.0;
				TARGETED_DEVICE_FAMILY = "1,2";
			};
			name = Release;
		};
/* End XCBuildConfiguration section */

/* Begin XCConfigurationList section */
		15426D962E9E87B9006CB6CF /* Build configuration list for PBXProject "CoinGeckoSProject" */ = {
			isa = XCConfigurationList;
			buildConfigurations = (
				15426DA42E9E87BB006CB6CF /* Debug */,
				15426DA52E9E87BB006CB6CF /* Release */,
			);
			defaultConfigurationIsVisible = 0;
			defaultConfigurationName = Release;
		};
		15426DA62E9E87BB006CB6CF /* Build configuration list for PBXNativeTarget "CoinGeckoSProject" */ = {
			isa = XCConfigurationList;
			buildConfigurations = (
				15426DA72E9E87BB006CB6CF /* Debug */,
				15426DA82E9E87BB006CB6CF /* Release */,
			);
			defaultConfigurationIsVisible = 0;
			defaultConfigurationName = Release;
		};
/* End XCConfigurationList section */

/* Begin XCRemoteSwiftPackageReference section */
		151D78532E9FE47C0050B47C /* XCRemoteSwiftPackageReference "SnapKit" */ = {
			isa = XCRemoteSwiftPackageReference;
			repositoryURL = "https://github.com/SnapKit/SnapKit";
			requirement = {
				kind = upToNextMajorVersion;
				minimumVersion = 5.7.1;
			};
		};
		151D78562E9FE48E0050B47C /* XCRemoteSwiftPackageReference "SDWebImage" */ = {
			isa = XCRemoteSwiftPackageReference;
			repositoryURL = "https://github.com/SDWebImage/SDWebImage";
			requirement = {
				kind = upToNextMajorVersion;
				minimumVersion = 5.21.3;
			};
		};
		15426DAC2E9E985D006CB6CF /* XCRemoteSwiftPackageReference "Alamofire" */ = {
			isa = XCRemoteSwiftPackageReference;
			repositoryURL = "https://github.com/Alamofire/Alamofire";
			requirement = {
				kind = upToNextMajorVersion;
				minimumVersion = 5.10.2;
			};
		};
/* End XCRemoteSwiftPackageReference section */

/* Begin XCSwiftPackageProductDependency section */
		151D78542E9FE47C0050B47C /* SnapKit */ = {
			isa = XCSwiftPackageProductDependency;
			package = 151D78532E9FE47C0050B47C /* XCRemoteSwiftPackageReference "SnapKit" */;
			productName = SnapKit;
		};
		151D78572E9FE48E0050B47C /* SDWebImage */ = {
			isa = XCSwiftPackageProductDependency;
			package = 151D78562E9FE48E0050B47C /* XCRemoteSwiftPackageReference "SDWebImage" */;
			productName = SDWebImage;
		};
		15426DAD2E9E985D006CB6CF /* Alamofire */ = {
			isa = XCSwiftPackageProductDependency;
			package = 15426DAC2E9E985D006CB6CF /* XCRemoteSwiftPackageReference "Alamofire" */;
			productName = Alamofire;
		};
/* End XCSwiftPackageProductDependency section */
	};
	rootObject = 15426D932E9E87B9006CB6CF /* Project object */;
}
